
Microsoft Visual Studio Solution File, Format Version 12.00
# Visual Studio Version 17
VisualStudioVersion = 17.0.32112.339
MinimumVisualStudioVersion = 10.0.40219.1
Project("{8BC9CEB8-8B4A-11D0-8D11-00A0C91BC942}") = "Cpp_PrimerPlus", "Cpp_PrimerPlus.vcxproj", "{90FA389C-D992-443E-8D64-BBC6FE36BCF0}"
EndProject
Project("{8BC9CEB8-8B4A-11D0-8D11-00A0C91BC942}") = "ChapterOne", "..\ChapterOne\ChapterOne.vcxproj", "{8FCD95A4-FA80-467A-8197-9B73F495DD9A}"
EndProject
Project("{8BC9CEB8-8B4A-11D0-8D11-00A0C91BC942}") = "ChapterTwo", "..\ChapterTwo\ChapterTwo.vcxproj", "{1DD56123-FEA1-4CED-A182-8702CAF79E21}"
EndProject
Project("{8BC9CEB8-8B4A-11D0-8D11-00A0C91BC942}") = "ChapterThree", "..\ChapterThree\ChapterThree.vcxproj", "{EF45DDA5-0B7D-452D-89F4-6A8220635DCC}"
EndProject
Project("{8BC9CEB8-8B4A-11D0-8D11-00A0C91BC942}") = "ChapterFour", "..\ChapterFour\ChapterFour.vcxproj", "{D2715344-87A5-4BB2-B785-9C47C9DE68D1}"
EndProject
Project("{8BC9CEB8-8B4A-11D0-8D11-00A0C91BC942}") = "ChapterFive", "..\ChapterFive\ChapterFive.vcxproj", "{A43067DA-AC7E-462B-9626-EAFA56A03C74}"
EndProject
Project("{8BC9CEB8-8B4A-11D0-8D11-00A0C91BC942}") = "ChapterSix", "..\ChapterSix\ChapterSix.vcxproj", "{8726468C-56F2-41F3-A825-505B2A6363DC}"
EndProject
Project("{8BC9CEB8-8B4A-11D0-8D11-00A0C91BC942}") = "ChapterSeven", "..\ChapterSeven\ChapterSeven.vcxproj", "{54CC252F-9F40-4DE9-B55C-E9745FEA8285}"
EndProject
Project("{8BC9CEB8-8B4A-11D0-8D11-00A0C91BC942}") = "ChapterEight", "..\ChapterEight\ChapterEight.vcxproj", "{38EA2A0D-CBB4-4345-8B0D-AF2F931EF690}"
EndProject
Project("{8BC9CEB8-8B4A-11D0-8D11-00A0C91BC942}") = "ChapterNine", "..\ChapterNine\ChapterNine.vcxproj", "{A65E1DCD-B5D6-457B-AA67-47231B444994}"
EndProject
Project("{8BC9CEB8-8B4A-11D0-8D11-00A0C91BC942}") = "ChapterTen", "..\ChapterTen\ChapterTen.vcxproj", "{6050A0DC-DF30-477A-A52B-6597F1CF39FF}"
EndProject
Project("{8BC9CEB8-8B4A-11D0-8D11-00A0C91BC942}") = "ChapterElevn", "..\ChapterElevn\ChapterElevn.vcxproj", "{B56D7BAB-A632-449E-ACDE-58390F5104A1}"
EndProject
Project("{8BC9CEB8-8B4A-11D0-8D11-00A0C91BC942}") = "ChapterTwelve", "..\ChapterTwelve\ChapterTwelve.vcxproj", "{4BF29B55-8D3D-4E7E-AFBF-B70BDA5E314C}"
EndProject
Project("{8BC9CEB8-8B4A-11D0-8D11-00A0C91BC942}") = "ChapterThirteen", "..\ChapterThirteen\ChapterThirteen.vcxproj", "{10622908-DFED-4F3A-8661-5695A5ECE79B}"
EndProject
Project("{8BC9CEB8-8B4A-11D0-8D11-00A0C91BC942}") = "Chapter14", "..\Chapter14\Chapter14.vcxproj", "{0DF709A9-FD36-4B18-9FD7-FC3234F04D89}"
EndProject
Project("{8BC9CEB8-8B4A-11D0-8D11-00A0C91BC942}") = "Chapter15", "..\Chapter15\Chapter15.vcxproj", "{340DA3A3-98A5-49FD-9F79-BF3868AADB7E}"
EndProject
Project("{8BC9CEB8-8B4A-11D0-8D11-00A0C91BC942}") = "Chapter16", "..\Chapter16\Chapter16.vcxproj", "{2F962BF1-2C1A-4D2D-ACF8-9110775880B6}"
EndProject
Project("{8BC9CEB8-8B4A-11D0-8D11-00A0C91BC942}") = "Chapter17", "..\Chapter17\Chapter17.vcxproj", "{73499EB8-A048-4BB9-A944-56D210FC8E54}"
EndProject
Project("{8BC9CEB8-8B4A-11D0-8D11-00A0C91BC942}") = "Chapter18", "..\Chapter18\Chapter18.vcxproj", "{1BB3CE25-837F-4CB2-B790-F204A7407DBE}"
EndProject
Global
	GlobalSection(SolutionConfigurationPlatforms) = preSolution
		Debug|x64 = Debug|x64
		Debug|x86 = Debug|x86
		Release|x64 = Release|x64
		Release|x86 = Release|x86
	EndGlobalSection
	GlobalSection(ProjectConfigurationPlatforms) = postSolution
		{90FA389C-D992-443E-8D64-BBC6FE36BCF0}.Debug|x64.ActiveCfg = Debug|x64
		{90FA389C-D992-443E-8D64-BBC6FE36BCF0}.Debug|x64.Build.0 = Debug|x64
		{90FA389C-D992-443E-8D64-BBC6FE36BCF0}.Debug|x86.ActiveCfg = Debug|Win32
		{90FA389C-D992-443E-8D64-BBC6FE36BCF0}.Debug|x86.Build.0 = Debug|Win32
		{90FA389C-D992-443E-8D64-BBC6FE36BCF0}.Release|x64.ActiveCfg = Release|x64
		{90FA389C-D992-443E-8D64-BBC6FE36BCF0}.Release|x64.Build.0 = Release|x64
		{90FA389C-D992-443E-8D64-BBC6FE36BCF0}.Release|x86.ActiveCfg = Release|Win32
		{90FA389C-D992-443E-8D64-BBC6FE36BCF0}.Release|x86.Build.0 = Release|Win32
		{8FCD95A4-FA80-467A-8197-9B73F495DD9A}.Debug|x64.ActiveCfg = Debug|x64
		{8FCD95A4-FA80-467A-8197-9B73F495DD9A}.Debug|x64.Build.0 = Debug|x64
		{8FCD95A4-FA80-467A-8197-9B73F495DD9A}.Debug|x86.ActiveCfg = Debug|Win32
		{8FCD95A4-FA80-467A-8197-9B73F495DD9A}.Debug|x86.Build.0 = Debug|Win32
		{8FCD95A4-FA80-467A-8197-9B73F495DD9A}.Release|x64.ActiveCfg = Release|x64
		{8FCD95A4-FA80-467A-8197-9B73F495DD9A}.Release|x64.Build.0 = Release|x64
		{8FCD95A4-FA80-467A-8197-9B73F495DD9A}.Release|x86.ActiveCfg = Release|Win32
		{8FCD95A4-FA80-467A-8197-9B73F495DD9A}.Release|x86.Build.0 = Release|Win32
		{1DD56123-FEA1-4CED-A182-8702CAF79E21}.Debug|x64.ActiveCfg = Debug|x64
		{1DD56123-FEA1-4CED-A182-8702CAF79E21}.Debug|x64.Build.0 = Debug|x64
		{1DD56123-FEA1-4CED-A182-8702CAF79E21}.Debug|x86.ActiveCfg = Debug|Win32
		{1DD56123-FEA1-4CED-A182-8702CAF79E21}.Debug|x86.Build.0 = Debug|Win32
		{1DD56123-FEA1-4CED-A182-8702CAF79E21}.Release|x64.ActiveCfg = Release|x64
		{1DD56123-FEA1-4CED-A182-8702CAF79E21}.Release|x64.Build.0 = Release|x64
		{1DD56123-FEA1-4CED-A182-8702CAF79E21}.Release|x86.ActiveCfg = Release|Win32
		{1DD56123-FEA1-4CED-A182-8702CAF79E21}.Release|x86.Build.0 = Release|Win32
		{EF45DDA5-0B7D-452D-89F4-6A8220635DCC}.Debug|x64.ActiveCfg = Debug|x64
		{EF45DDA5-0B7D-452D-89F4-6A8220635DCC}.Debug|x64.Build.0 = Debug|x64
		{EF45DDA5-0B7D-452D-89F4-6A8220635DCC}.Debug|x86.ActiveCfg = Debug|Win32
		{EF45DDA5-0B7D-452D-89F4-6A8220635DCC}.Debug|x86.Build.0 = Debug|Win32
		{EF45DDA5-0B7D-452D-89F4-6A8220635DCC}.Release|x64.ActiveCfg = Release|x64
		{EF45DDA5-0B7D-452D-89F4-6A8220635DCC}.Release|x64.Build.0 = Release|x64
		{EF45DDA5-0B7D-452D-89F4-6A8220635DCC}.Release|x86.ActiveCfg = Release|Win32
		{EF45DDA5-0B7D-452D-89F4-6A8220635DCC}.Release|x86.Build.0 = Release|Win32
		{D2715344-87A5-4BB2-B785-9C47C9DE68D1}.Debug|x64.ActiveCfg = Debug|x64
		{D2715344-87A5-4BB2-B785-9C47C9DE68D1}.Debug|x64.Build.0 = Debug|x64
		{D2715344-87A5-4BB2-B785-9C47C9DE68D1}.Debug|x86.ActiveCfg = Debug|Win32
		{D2715344-87A5-4BB2-B785-9C47C9DE68D1}.Debug|x86.Build.0 = Debug|Win32
		{D2715344-87A5-4BB2-B785-9C47C9DE68D1}.Release|x64.ActiveCfg = Release|x64
		{D2715344-87A5-4BB2-B785-9C47C9DE68D1}.Release|x64.Build.0 = Release|x64
		{D2715344-87A5-4BB2-B785-9C47C9DE68D1}.Release|x86.ActiveCfg = Release|Win32
		{D2715344-87A5-4BB2-B785-9C47C9DE68D1}.Release|x86.Build.0 = Release|Win32
		{A43067DA-AC7E-462B-9626-EAFA56A03C74}.Debug|x64.ActiveCfg = Debug|x64
		{A43067DA-AC7E-462B-9626-EAFA56A03C74}.Debug|x64.Build.0 = Debug|x64
		{A43067DA-AC7E-462B-9626-EAFA56A03C74}.Debug|x86.ActiveCfg = Debug|Win32
		{A43067DA-AC7E-462B-9626-EAFA56A03C74}.Debug|x86.Build.0 = Debug|Win32
		{A43067DA-AC7E-462B-9626-EAFA56A03C74}.Release|x64.ActiveCfg = Release|x64
		{A43067DA-AC7E-462B-9626-EAFA56A03C74}.Release|x64.Build.0 = Release|x64
		{A43067DA-AC7E-462B-9626-EAFA56A03C74}.Release|x86.ActiveCfg = Release|Win32
		{A43067DA-AC7E-462B-9626-EAFA56A03C74}.Release|x86.Build.0 = Release|Win32
		{8726468C-56F2-41F3-A825-505B2A6363DC}.Debug|x64.ActiveCfg = Debug|x64
		{8726468C-56F2-41F3-A825-505B2A6363DC}.Debug|x64.Build.0 = Debug|x64
		{8726468C-56F2-41F3-A825-505B2A6363DC}.Debug|x86.ActiveCfg = Debug|Win32
		{8726468C-56F2-41F3-A825-505B2A6363DC}.Debug|x86.Build.0 = Debug|Win32
		{8726468C-56F2-41F3-A825-505B2A6363DC}.Release|x64.ActiveCfg = Release|x64
		{8726468C-56F2-41F3-A825-505B2A6363DC}.Release|x64.Build.0 = Release|x64
		{8726468C-56F2-41F3-A825-505B2A6363DC}.Release|x86.ActiveCfg = Release|Win32
		{8726468C-56F2-41F3-A825-505B2A6363DC}.Release|x86.Build.0 = Release|Win32
		{54CC252F-9F40-4DE9-B55C-E9745FEA8285}.Debug|x64.ActiveCfg = Debug|x64
		{54CC252F-9F40-4DE9-B55C-E9745FEA8285}.Debug|x64.Build.0 = Debug|x64
		{54CC252F-9F40-4DE9-B55C-E9745FEA8285}.Debug|x86.ActiveCfg = Debug|Win32
		{54CC252F-9F40-4DE9-B55C-E9745FEA8285}.Debug|x86.Build.0 = Debug|Win32
		{54CC252F-9F40-4DE9-B55C-E9745FEA8285}.Release|x64.ActiveCfg = Release|x64
		{54CC252F-9F40-4DE9-B55C-E9745FEA8285}.Release|x64.Build.0 = Release|x64
		{54CC252F-9F40-4DE9-B55C-E9745FEA8285}.Release|x86.ActiveCfg = Release|Win32
		{54CC252F-9F40-4DE9-B55C-E9745FEA8285}.Release|x86.Build.0 = Release|Win32
		{38EA2A0D-CBB4-4345-8B0D-AF2F931EF690}.Debug|x64.ActiveCfg = Debug|x64
		{38EA2A0D-CBB4-4345-8B0D-AF2F931EF690}.Debug|x64.Build.0 = Debug|x64
		{38EA2A0D-CBB4-4345-8B0D-AF2F931EF690}.Debug|x86.ActiveCfg = Debug|Win32
		{38EA2A0D-CBB4-4345-8B0D-AF2F931EF690}.Debug|x86.Build.0 = Debug|Win32
		{38EA2A0D-CBB4-4345-8B0D-AF2F931EF690}.Release|x64.ActiveCfg = Release|x64
		{38EA2A0D-CBB4-4345-8B0D-AF2F931EF690}.Release|x64.Build.0 = Release|x64
		{38EA2A0D-CBB4-4345-8B0D-AF2F931EF690}.Release|x86.ActiveCfg = Release|Win32
		{38EA2A0D-CBB4-4345-8B0D-AF2F931EF690}.Release|x86.Build.0 = Release|Win32
		{A65E1DCD-B5D6-457B-AA67-47231B444994}.Debug|x64.ActiveCfg = Debug|x64
		{A65E1DCD-B5D6-457B-AA67-47231B444994}.Debug|x64.Build.0 = Debug|x64
		{A65E1DCD-B5D6-457B-AA67-47231B444994}.Debug|x86.ActiveCfg = Debug|Win32
		{A65E1DCD-B5D6-457B-AA67-47231B444994}.Debug|x86.Build.0 = Debug|Win32
		{A65E1DCD-B5D6-457B-AA67-47231B444994}.Release|x64.ActiveCfg = Release|x64
		{A65E1DCD-B5D6-457B-AA67-47231B444994}.Release|x64.Build.0 = Release|x64
		{A65E1DCD-B5D6-457B-AA67-47231B444994}.Release|x86.ActiveCfg = Release|Win32
		{A65E1DCD-B5D6-457B-AA67-47231B444994}.Release|x86.Build.0 = Release|Win32
		{6050A0DC-DF30-477A-A52B-6597F1CF39FF}.Debug|x64.ActiveCfg = Debug|x64
		{6050A0DC-DF30-477A-A52B-6597F1CF39FF}.Debug|x64.Build.0 = Debug|x64
		{6050A0DC-DF30-477A-A52B-6597F1CF39FF}.Debug|x86.ActiveCfg = Debug|Win32
		{6050A0DC-DF30-477A-A52B-6597F1CF39FF}.Debug|x86.Build.0 = Debug|Win32
		{6050A0DC-DF30-477A-A52B-6597F1CF39FF}.Release|x64.ActiveCfg = Release|x64
		{6050A0DC-DF30-477A-A52B-6597F1CF39FF}.Release|x64.Build.0 = Release|x64
		{6050A0DC-DF30-477A-A52B-6597F1CF39FF}.Release|x86.ActiveCfg = Release|Win32
		{6050A0DC-DF30-477A-A52B-6597F1CF39FF}.Release|x86.Build.0 = Release|Win32
		{B56D7BAB-A632-449E-ACDE-58390F5104A1}.Debug|x64.ActiveCfg = Debug|x64
		{B56D7BAB-A632-449E-ACDE-58390F5104A1}.Debug|x64.Build.0 = Debug|x64
		{B56D7BAB-A632-449E-ACDE-58390F5104A1}.Debug|x86.ActiveCfg = Debug|Win32
		{B56D7BAB-A632-449E-ACDE-58390F5104A1}.Debug|x86.Build.0 = Debug|Win32
		{B56D7BAB-A632-449E-ACDE-58390F5104A1}.Release|x64.ActiveCfg = Release|x64
		{B56D7BAB-A632-449E-ACDE-58390F5104A1}.Release|x64.Build.0 = Release|x64
		{B56D7BAB-A632-449E-ACDE-58390F5104A1}.Release|x86.ActiveCfg = Release|Win32
		{B56D7BAB-A632-449E-ACDE-58390F5104A1}.Release|x86.Build.0 = Release|Win32
		{4BF29B55-8D3D-4E7E-AFBF-B70BDA5E314C}.Debug|x64.ActiveCfg = Debug|x64
		{4BF29B55-8D3D-4E7E-AFBF-B70BDA5E314C}.Debug|x64.Build.0 = Debug|x64
		{4BF29B55-8D3D-4E7E-AFBF-B70BDA5E314C}.Debug|x86.ActiveCfg = Debug|Win32
		{4BF29B55-8D3D-4E7E-AFBF-B70BDA5E314C}.Debug|x86.Build.0 = Debug|Win32
		{4BF29B55-8D3D-4E7E-AFBF-B70BDA5E314C}.Release|x64.ActiveCfg = Release|x64
		{4BF29B55-8D3D-4E7E-AFBF-B70BDA5E314C}.Release|x64.Build.0 = Release|x64
		{4BF29B55-8D3D-4E7E-AFBF-B70BDA5E314C}.Release|x86.ActiveCfg = Release|Win32
		{4BF29B55-8D3D-4E7E-AFBF-B70BDA5E314C}.Release|x86.Build.0 = Release|Win32
		{10622908-DFED-4F3A-8661-5695A5ECE79B}.Debug|x64.ActiveCfg = Debug|x64
		{10622908-DFED-4F3A-8661-5695A5ECE79B}.Debug|x64.Build.0 = Debug|x64
		{10622908-DFED-4F3A-8661-5695A5ECE79B}.Debug|x86.ActiveCfg = Debug|Win32
		{10622908-DFED-4F3A-8661-5695A5ECE79B}.Debug|x86.Build.0 = Debug|Win32
		{10622908-DFED-4F3A-8661-5695A5ECE79B}.Release|x64.ActiveCfg = Release|x64
		{10622908-DFED-4F3A-8661-5695A5ECE79B}.Release|x64.Build.0 = Release|x64
		{10622908-DFED-4F3A-8661-5695A5ECE79B}.Release|x86.ActiveCfg = Release|Win32
		{10622908-DFED-4F3A-8661-5695A5ECE79B}.Release|x86.Build.0 = Release|Win32
		{0DF709A9-FD36-4B18-9FD7-FC3234F04D89}.Debug|x64.ActiveCfg = Debug|x64
		{0DF709A9-FD36-4B18-9FD7-FC3234F04D89}.Debug|x64.Build.0 = Debug|x64
		{0DF709A9-FD36-4B18-9FD7-FC3234F04D89}.Debug|x86.ActiveCfg = Debug|Win32
		{0DF709A9-FD36-4B18-9FD7-FC3234F04D89}.Debug|x86.Build.0 = Debug|Win32
		{0DF709A9-FD36-4B18-9FD7-FC3234F04D89}.Release|x64.ActiveCfg = Release|x64
		{0DF709A9-FD36-4B18-9FD7-FC3234F04D89}.Release|x64.Build.0 = Release|x64
		{0DF709A9-FD36-4B18-9FD7-FC3234F04D89}.Release|x86.ActiveCfg = Release|Win32
		{0DF709A9-FD36-4B18-9FD7-FC3234F04D89}.Release|x86.Build.0 = Release|Win32
		{340DA3A3-98A5-49FD-9F79-BF3868AADB7E}.Debug|x64.ActiveCfg = Debug|x64
		{340DA3A3-98A5-49FD-9F79-BF3868AADB7E}.Debug|x64.Build.0 = Debug|x64
		{340DA3A3-98A5-49FD-9F79-BF3868AADB7E}.Debug|x86.ActiveCfg = Debug|Win32
		{340DA3A3-98A5-49FD-9F79-BF3868AADB7E}.Debug|x86.Build.0 = Debug|Win32
		{340DA3A3-98A5-49FD-9F79-BF3868AADB7E}.Release|x64.ActiveCfg = Release|x64
		{340DA3A3-98A5-49FD-9F79-BF3868AADB7E}.Release|x64.Build.0 = Release|x64
		{340DA3A3-98A5-49FD-9F79-BF3868AADB7E}.Release|x86.ActiveCfg = Release|Win32
		{340DA3A3-98A5-49FD-9F79-BF3868AADB7E}.Release|x86.Build.0 = Release|Win32
		{2F962BF1-2C1A-4D2D-ACF8-9110775880B6}.Debug|x64.ActiveCfg = Debug|x64
		{2F962BF1-2C1A-4D2D-ACF8-9110775880B6}.Debug|x64.Build.0 = Debug|x64
		{2F962BF1-2C1A-4D2D-ACF8-9110775880B6}.Debug|x86.ActiveCfg = Debug|Win32
		{2F962BF1-2C1A-4D2D-ACF8-9110775880B6}.Debug|x86.Build.0 = Debug|Win32
		{2F962BF1-2C1A-4D2D-ACF8-9110775880B6}.Release|x64.ActiveCfg = Release|x64
		{2F962BF1-2C1A-4D2D-ACF8-9110775880B6}.Release|x64.Build.0 = Release|x64
		{2F962BF1-2C1A-4D2D-ACF8-9110775880B6}.Release|x86.ActiveCfg = Release|Win32
		{2F962BF1-2C1A-4D2D-ACF8-9110775880B6}.Release|x86.Build.0 = Release|Win32
		{73499EB8-A048-4BB9-A944-56D210FC8E54}.Debug|x64.ActiveCfg = Debug|x64
		{73499EB8-A048-4BB9-A944-56D210FC8E54}.Debug|x64.Build.0 = Debug|x64
		{73499EB8-A048-4BB9-A944-56D210FC8E54}.Debug|x86.ActiveCfg = Debug|Win32
		{73499EB8-A048-4BB9-A944-56D210FC8E54}.Debug|x86.Build.0 = Debug|Win32
		{73499EB8-A048-4BB9-A944-56D210FC8E54}.Release|x64.ActiveCfg = Release|x64
		{73499EB8-A048-4BB9-A944-56D210FC8E54}.Release|x64.Build.0 = Release|x64
		{73499EB8-A048-4BB9-A944-56D210FC8E54}.Release|x86.ActiveCfg = Release|Win32
		{73499EB8-A048-4BB9-A944-56D210FC8E54}.Release|x86.Build.0 = Release|Win32
		{1BB3CE25-837F-4CB2-B790-F204A7407DBE}.Debug|x64.ActiveCfg = Debug|x64
		{1BB3CE25-837F-4CB2-B790-F204A7407DBE}.Debug|x64.Build.0 = Debug|x64
		{1BB3CE25-837F-4CB2-B790-F204A7407DBE}.Debug|x86.ActiveCfg = Debug|Win32
		{1BB3CE25-837F-4CB2-B790-F204A7407DBE}.Debug|x86.Build.0 = Debug|Win32
		{1BB3CE25-837F-4CB2-B790-F204A7407DBE}.Release|x64.ActiveCfg = Release|x64
		{1BB3CE25-837F-4CB2-B790-F204A7407DBE}.Release|x64.Build.0 = Release|x64
		{1BB3CE25-837F-4CB2-B790-F204A7407DBE}.Release|x86.ActiveCfg = Release|Win32
		{1BB3CE25-837F-4CB2-B790-F204A7407DBE}.Release|x86.Build.0 = Release|Win32
	EndGlobalSection
	GlobalSection(SolutionProperties) = preSolution
		HideSolutionNode = FALSE
	EndGlobalSection
	GlobalSection(ExtensibilityGlobals) = postSolution
		SolutionGuid = {54EE2179-B337-4465-8532-201D0546C44F}
	EndGlobalSection
EndGlobal
